
Microsoft Visual Studio Solution File, Format Version 12.00
# Visual Studio Version 17
VisualStudioVersion = 17.14.37203.1
MinimumVisualStudioVersion = 10.0.40219.1
Project("{FAE04EC0-301F-11D3-BF4B-00C04F79EFBC}") = "KeeAuditPlugin", "KeeAuditPlugin\KeeAuditPlugin.csproj", "{944D4996-8125-466F-B0DB-35C7F3B57218}"
EndProject
Project("{2150E333-8FDC-42A3-9474-1A3956D46DE8}") = "Solution Items", "Solution Items", "{8EC462FD-D22E-90A8-E5CE-7E832BA40C5D}"
	ProjectSection(SolutionItems) = preProject
		.gitignore = .gitignore
	EndProjectSection
EndProject
Project("{FAE04EC0-301F-11D3-BF4B-00C04F79EFBC}") = "KeeAuditTests", "KeeAuditTests\KeeAuditTests.csproj", "{688B0DF9-DF84-4192-A02C-DCAC22E01DB6}"
EndProject
Project("{FAE04EC0-301F-11D3-BF4B-00C04F79EFBC}") = "KeeAuditLib", "KeeAuditLib\KeeAuditLib.csproj", "{FF5E2B37-5B3E-47EE-87CB-D2D4E1B7592B}"
EndProject
Global
	GlobalSection(SolutionConfigurationPlatforms) = preSolution
		Debug|Any CPU = Debug|Any CPU
		Release|Any CPU = Release|Any CPU
	EndGlobalSection
	GlobalSection(ProjectConfigurationPlatforms) = postSolution
		{944D4996-8125-466F-B0DB-35C7F3B57218}.Debug|Any CPU.ActiveCfg = Debug|Any CPU
		{944D4996-8125-466F-B0DB-35C7F3B57218}.Debug|Any CPU.Build.0 = Debug|Any CPU
		{944D4996-8125-466F-B0DB-35C7F3B57218}.Release|Any CPU.ActiveCfg = Release|Any CPU
		{944D4996-8125-466F-B0DB-35C7F3B57218}.Release|Any CPU.Build.0 = Release|Any CPU
		{688B0DF9-DF84-4192-A02C-DCAC22E01DB6}.Debug|Any CPU.ActiveCfg = Debug|Any CPU
		{688B0DF9-DF84-4192-A02C-DCAC22E01DB6}.Debug|Any CPU.Build.0 = Debug|Any CPU
		{688B0DF9-DF84-4192-A02C-DCAC22E01DB6}.Release|Any CPU.ActiveCfg = Release|Any CPU
		{688B0DF9-DF84-4192-A02C-DCAC22E01DB6}.Release|Any CPU.Build.0 = Release|Any CPU
		{FF5E2B37-5B3E-47EE-87CB-D2D4E1B7592B}.Debug|Any CPU.ActiveCfg = Debug|Any CPU
		{FF5E2B37-5B3E-47EE-87CB-D2D4E1B7592B}.Debug|Any CPU.Build.0 = Debug|Any CPU
		{FF5E2B37-5B3E-47EE-87CB-D2D4E1B7592B}.Release|Any CPU.ActiveCfg = Release|Any CPU
		{FF5E2B37-5B3E-47EE-87CB-D2D4E1B7592B}.Release|Any CPU.Build.0 = Release|Any CPU
	EndGlobalSection
	GlobalSection(SolutionProperties) = preSolution
		HideSolutionNode = FALSE
	EndGlobalSection
	GlobalSection(ExtensibilityGlobals) = postSolution
		SolutionGuid = {2EAA5F9E-0767-44EE-91D7-2CF460C6F310}
	EndGlobalSection
EndGlobal
